
Microsoft Visual Studio Solution File, Format Version 12.00
# Visual Studio Version 16
VisualStudioVersion = 16.0.30804.86
MinimumVisualStudioVersion = 10.0.40219.1
Project("{FAE04EC0-301F-11D3-BF4B-00C04F79EFBC}") = "PrecompileSpeakViews", "PrecompileSpeakViews\PrecompileSpeakViews.csproj", "{A369B967-E2EF-4709-BB6D-AF0642AC5C7B}"
EndProject
Project("{FAE04EC0-301F-11D3-BF4B-00C04F79EFBC}") = "PrecompileSpeakViews.Views", "PrecompileSpeakViews.Views\PrecompileSpeakViews.Views.csproj", "{DAA4DF9C-B6F1-4753-AD5A-A0E1A30205DE}"
EndProject
Global
	GlobalSection(SolutionConfigurationPlatforms) = preSolution
		Debug|Any CPU = Debug|Any CPU
		Release|Any CPU = Release|Any CPU
	EndGlobalSection
	GlobalSection(ProjectConfigurationPlatforms) = postSolution
		{A369B967-E2EF-4709-BB6D-AF0642AC5C7B}.Debug|Any CPU.ActiveCfg = Debug|Any CPU
		{A369B967-E2EF-4709-BB6D-AF0642AC5C7B}.Debug|Any CPU.Build.0 = Debug|Any CPU
		{A369B967-E2EF-4709-BB6D-AF0642AC5C7B}.Release|Any CPU.ActiveCfg = Release|Any CPU
		{A369B967-E2EF-4709-BB6D-AF0642AC5C7B}.Release|Any CPU.Build.0 = Release|Any CPU
		{DAA4DF9C-B6F1-4753-AD5A-A0E1A30205DE}.Debug|Any CPU.ActiveCfg = Debug|Any CPU
		{DAA4DF9C-B6F1-4753-AD5A-A0E1A30205DE}.Debug|Any CPU.Build.0 = Debug|Any CPU
		{DAA4DF9C-B6F1-4753-AD5A-A0E1A30205DE}.Release|Any CPU.ActiveCfg = Release|Any CPU
		{DAA4DF9C-B6F1-4753-AD5A-A0E1A30205DE}.Release|Any CPU.Build.0 = Release|Any CPU
	EndGlobalSection
	GlobalSection(SolutionProperties) = preSolution
		HideSolutionNode = FALSE
	EndGlobalSection
	GlobalSection(ExtensibilityGlobals) = postSolution
		SolutionGuid = {4EE15EF8-A8D1-4C76-AA16-157874D387DD}
	EndGlobalSection
EndGlobal
